
Microsoft Visual Studio Solution File, Format Version 12.00
# Visual Studio Version 16
VisualStudioVersion = 16.0.31702.278
MinimumVisualStudioVersion = 10.0.40219.1
Project("{FAE04EC0-301F-11D3-BF4B-00C04F79EFBC}") = "LinkedList01", "LinkedList01\LinkedList01.csproj", "{F5D8545C-96F3-43D1-9B85-54692F07410F}"
EndProject
Global
	GlobalSection(SolutionConfigurationPlatforms) = preSolution
		Debug|Any CPU = Debug|Any CPU
		Release|Any CPU = Release|Any CPU
	EndGlobalSection
	GlobalSection(ProjectConfigurationPlatforms) = postSolution
		{F5D8545C-96F3-43D1-9B85-54692F07410F}.Debug|Any CPU.ActiveCfg = Debug|Any CPU
		{F5D8545C-96F3-43D1-9B85-54692F07410F}.Debug|Any CPU.Build.0 = Debug|Any CPU
		{F5D8545C-96F3-43D1-9B85-54692F07410F}.Release|Any CPU.ActiveCfg = Release|Any CPU
		{F5D8545C-96F3-43D1-9B85-54692F07410F}.Release|Any CPU.Build.0 = Release|Any CPU
	EndGlobalSection
	GlobalSection(SolutionProperties) = preSolution
		HideSolutionNode = FALSE
	EndGlobalSection
	GlobalSection(ExtensibilityGlobals) = postSolution
		SolutionGuid = {94CC8062-862C-4517-925E-6F65A133695B}
	EndGlobalSection
EndGlobal
